
Microsoft Visual Studio Solution File, Format Version 12.00
# Visual Studio Version 17
VisualStudioVersion = 17.6.33815.320
MinimumVisualStudioVersion = 10.0.40219.1
Project("{FAE04EC0-301F-11D3-BF4B-00C04F79EFBC}") = "Assignment test", "Assignment test\Assignment test.csproj", "{3382DBD8-A6EA-49A4-91BB-5FDF3648BC01}"
EndProject
Global
	GlobalSection(SolutionConfigurationPlatforms) = preSolution
		Debug|Any CPU = Debug|Any CPU
		Release|Any CPU = Release|Any CPU
	EndGlobalSection
	GlobalSection(ProjectConfigurationPlatforms) = postSolution
		{3382DBD8-A6EA-49A4-91BB-5FDF3648BC01}.Debug|Any CPU.ActiveCfg = Debug|Any CPU
		{3382DBD8-A6EA-49A4-91BB-5FDF3648BC01}.Debug|Any CPU.Build.0 = Debug|Any CPU
		{3382DBD8-A6EA-49A4-91BB-5FDF3648BC01}.Release|Any CPU.ActiveCfg = Release|Any CPU
		{3382DBD8-A6EA-49A4-91BB-5FDF3648BC01}.Release|Any CPU.Build.0 = Release|Any CPU
	EndGlobalSection
	GlobalSection(SolutionProperties) = preSolution
		HideSolutionNode = FALSE
	EndGlobalSection
	GlobalSection(ExtensibilityGlobals) = postSolution
		SolutionGuid = {6FDA0507-EAE3-4990-947B-029D8169898D}
	EndGlobalSection
EndGlobal
